
Microsoft Visual Studio Solution File, Format Version 12.00
# Visual Studio Version 17
VisualStudioVersion = 17.9.34622.214
MinimumVisualStudioVersion = 10.0.40219.1
Project("{8BC9CEB8-8B4A-11D0-8D11-00A0C91BC942}") = "Test", "Test\Test.vcxproj", "{8E524CA5-CC71-4EAB-BDC3-D99A77E13A31}"
EndProject
Global
	GlobalSection(SolutionConfigurationPlatforms) = preSolution
		Debug|x64 = Debug|x64
		Debug|x86 = Debug|x86
		Release|x64 = Release|x64
		Release|x86 = Release|x86
	EndGlobalSection
	GlobalSection(ProjectConfigurationPlatforms) = postSolution
		{8E524CA5-CC71-4EAB-BDC3-D99A77E13A31}.Debug|x64.ActiveCfg = Debug|x64
		{8E524CA5-CC71-4EAB-BDC3-D99A77E13A31}.Debug|x64.Build.0 = Debug|x64
		{8E524CA5-CC71-4EAB-BDC3-D99A77E13A31}.Debug|x86.ActiveCfg = Debug|Win32
		{8E524CA5-CC71-4EAB-BDC3-D99A77E13A31}.Debug|x86.Build.0 = Debug|Win32
		{8E524CA5-CC71-4EAB-BDC3-D99A77E13A31}.Release|x64.ActiveCfg = Release|x64
		{8E524CA5-CC71-4EAB-BDC3-D99A77E13A31}.Release|x64.Build.0 = Release|x64
		{8E524CA5-CC71-4EAB-BDC3-D99A77E13A31}.Release|x86.ActiveCfg = Release|Win32
		{8E524CA5-CC71-4EAB-BDC3-D99A77E13A31}.Release|x86.Build.0 = Release|Win32
	EndGlobalSection
	GlobalSection(SolutionProperties) = preSolution
		HideSolutionNode = FALSE
	EndGlobalSection
	GlobalSection(ExtensibilityGlobals) = postSolution
		SolutionGuid = {70A88522-FE50-4ABE-A0B5-B60C04F51442}
	EndGlobalSection
EndGlobal
